
Microsoft Visual Studio Solution File, Format Version 12.00
# Visual Studio Version 17
VisualStudioVersion = 17.1.32414.318
MinimumVisualStudioVersion = 10.0.40219.1
Project("{9A19103F-16F7-4668-BE54-9A1E7A4F7556}") = "TestMaximum", "TestMaximum\TestMaximum.csproj", "{4067C4A5-5B4D-4137-8D00-EC9EE0E360EE}"
EndProject
Project("{FAE04EC0-301F-11D3-BF4B-00C04F79EFBC}") = "TestMaximumTests", "TestMaximumTests\TestMaximumTests.csproj", "{23F08E00-CCF8-4368-BC6A-0FFF6E4E3913}"
EndProject
Global
	GlobalSection(SolutionConfigurationPlatforms) = preSolution
		Debug|Any CPU = Debug|Any CPU
		Release|Any CPU = Release|Any CPU
	EndGlobalSection
	GlobalSection(ProjectConfigurationPlatforms) = postSolution
		{4067C4A5-5B4D-4137-8D00-EC9EE0E360EE}.Debug|Any CPU.ActiveCfg = Debug|Any CPU
		{4067C4A5-5B4D-4137-8D00-EC9EE0E360EE}.Debug|Any CPU.Build.0 = Debug|Any CPU
		{4067C4A5-5B4D-4137-8D00-EC9EE0E360EE}.Release|Any CPU.ActiveCfg = Release|Any CPU
		{4067C4A5-5B4D-4137-8D00-EC9EE0E360EE}.Release|Any CPU.Build.0 = Release|Any CPU
		{23F08E00-CCF8-4368-BC6A-0FFF6E4E3913}.Debug|Any CPU.ActiveCfg = Debug|Any CPU
		{23F08E00-CCF8-4368-BC6A-0FFF6E4E3913}.Debug|Any CPU.Build.0 = Debug|Any CPU
		{23F08E00-CCF8-4368-BC6A-0FFF6E4E3913}.Release|Any CPU.ActiveCfg = Release|Any CPU
		{23F08E00-CCF8-4368-BC6A-0FFF6E4E3913}.Release|Any CPU.Build.0 = Release|Any CPU
	EndGlobalSection
	GlobalSection(SolutionProperties) = preSolution
		HideSolutionNode = FALSE
	EndGlobalSection
	GlobalSection(ExtensibilityGlobals) = postSolution
		SolutionGuid = {533FFF6B-BD19-4A3B-85DC-A107F9F28425}
	EndGlobalSection
EndGlobal
